// !$*UTF8*$!
{
	archiveVersion = 1;
	classes = {
	};
	objectVersion = 56;
	objects = {

/* Begin PBXBuildFile section */
		AABCC0562B2269BB001174E5 /* Assets.xcassets in Resources */ = {isa = PBXBuildFile; fileRef = AABCC0552B2269BB001174E5 /* Assets.xcassets */; };
		AABCC0592B2269BB001174E5 /* Preview Assets.xcassets in Resources */ = {isa = PBXBuildFile; fileRef = AABCC0582B2269BB001174E5 /* Preview Assets.xcassets */; };
		AABCC0622B2269FB001174E5 /* missions.json in Resources */ = {isa = PBXBuildFile; fileRef = AABCC0602B2269FB001174E5 /* missions.json */; };
		AABCC0632B2269FB001174E5 /* astronauts.json in Resources */ = {isa = PBXBuildFile; fileRef = AABCC0612B2269FB001174E5 /* astronauts.json */; };
		AABCC06D2B226A17001174E5 /* MissionView.swift in Sources */ = {isa = PBXBuildFile; fileRef = AABCC0652B226A17001174E5 /* MissionView.swift */; };
		AABCC06E2B226A17001174E5 /* GridLayoutView.swift in Sources */ = {isa = PBXBuildFile; fileRef = AABCC0662B226A17001174E5 /* GridLayoutView.swift */; };
		AABCC06F2B226A17001174E5 /* ListLayoutView.swift in Sources */ = {isa = PBXBuildFile; fileRef = AABCC0672B226A17001174E5 /* ListLayoutView.swift */; };
		AABCC0702B226A17001174E5 /* AstronautView.swift in Sources */ = {isa = PBXBuildFile; fileRef = AABCC0682B226A17001174E5 /* AstronautView.swift */; };
		AABCC0712B226A17001174E5 /* CrewView.swift in Sources */ = {isa = PBXBuildFile; fileRef = AABCC0692B226A17001174E5 /* CrewView.swift */; };
		AABCC0722B226A17001174E5 /* ContentView.swift in Sources */ = {isa = PBXBuildFile; fileRef = AABCC06A2B226A17001174E5 /* ContentView.swift */; };
		AABCC0732B226A17001174E5 /* MoonshotApp.swift in Sources */ = {isa = PBXBuildFile; fileRef = AABCC06B2B226A17001174E5 /* MoonshotApp.swift */; };
		AABCC0742B226A17001174E5 /* CustomDivider.swift in Sources */ = {isa = PBXBuildFile; fileRef = AABCC06C2B226A17001174E5 /* CustomDivider.swift */; };
		AABCC0782B226A33001174E5 /* Color-Theme.swift in Sources */ = {isa = PBXBuildFile; fileRef = AABCC0762B226A33001174E5 /* Color-Theme.swift */; };
		AABCC0792B226A33001174E5 /* Bundle-Decodable.swift in Sources */ = {isa = PBXBuildFile; fileRef = AABCC0772B226A33001174E5 /* Bundle-Decodable.swift */; };
		AABCC07E2B226A46001174E5 /* Mission.swift in Sources */ = {isa = PBXBuildFile; fileRef = AABCC07B2B226A46001174E5 /* Mission.swift */; };
		AABCC07F2B226A46001174E5 /* CrewMember.swift in Sources */ = {isa = PBXBuildFile; fileRef = AABCC07C2B226A46001174E5 /* CrewMember.swift */; };
		AABCC0802B226A46001174E5 /* Astronaut.swift in Sources */ = {isa = PBXBuildFile; fileRef = AABCC07D2B226A46001174E5 /* Astronaut.swift */; };
/* End PBXBuildFile section */

/* Begin PBXFileReference section */
		AABCC04E2B2269BA001174E5 /* Moonshot.app */ = {isa = PBXFileReference; explicitFileType = wrapper.application; includeInIndex = 0; path = Moonshot.app; sourceTree = BUILT_PRODUCTS_DIR; };
		AABCC0552B2269BB001174E5 /* Assets.xcassets */ = {isa = PBXFileReference; lastKnownFileType = folder.assetcatalog; path = Assets.xcassets; sourceTree = "<group>"; };
		AABCC0582B2269BB001174E5 /* Preview Assets.xcassets */ = {isa = PBXFileReference; lastKnownFileType = folder.assetcatalog; path = "Preview Assets.xcassets"; sourceTree = "<group>"; };
		AABCC0602B2269FB001174E5 /* missions.json */ = {isa = PBXFileReference; fileEncoding = 4; lastKnownFileType = text.json; path = missions.json; sourceTree = "<group>"; };
		AABCC0612B2269FB001174E5 /* astronauts.json */ = {isa = PBXFileReference; fileEncoding = 4; lastKnownFileType = text.json; path = astronauts.json; sourceTree = "<group>"; };
		AABCC0652B226A17001174E5 /* MissionView.swift */ = {isa = PBXFileReference; fileEncoding = 4; lastKnownFileType = sourcecode.swift; path = MissionView.swift; sourceTree = "<group>"; };
		AABCC0662B226A17001174E5 /* GridLayoutView.swift */ = {isa = PBXFileReference; fileEncoding = 4; lastKnownFileType = sourcecode.swift; path = GridLayoutView.swift; sourceTree = "<group>"; };
		AABCC0672B226A17001174E5 /* ListLayoutView.swift */ = {isa = PBXFileReference; fileEncoding = 4; lastKnownFileType = sourcecode.swift; path = ListLayoutView.swift; sourceTree = "<group>"; };
		AABCC0682B226A17001174E5 /* AstronautView.swift */ = {isa = PBXFileReference; fileEncoding = 4; lastKnownFileType = sourcecode.swift; path = AstronautView.swift; sourceTree = "<group>"; };
		AABCC0692B226A17001174E5 /* CrewView.swift */ = {isa = PBXFileReference; fileEncoding = 4; lastKnownFileType = sourcecode.swift; path = CrewView.swift; sourceTree = "<group>"; };
		AABCC06A2B226A17001174E5 /* ContentView.swift */ = {isa = PBXFileReference; fileEncoding = 4; lastKnownFileType = sourcecode.swift; path = ContentView.swift; sourceTree = "<group>"; };
		AABCC06B2B226A17001174E5 /* MoonshotApp.swift */ = {isa = PBXFileReference; fileEncoding = 4; lastKnownFileType = sourcecode.swift; path = MoonshotApp.swift; sourceTree = "<group>"; };
		AABCC06C2B226A17001174E5 /* CustomDivider.swift */ = {isa = PBXFileReference; fileEncoding = 4; lastKnownFileType = sourcecode.swift; path = CustomDivider.swift; sourceTree = "<group>"; };
		AABCC0762B226A33001174E5 /* Color-Theme.swift */ = {isa = PBXFileReference; fileEncoding = 4; lastKnownFileType = sourcecode.swift; path = "Color-Theme.swift"; sourceTree = "<group>"; };
		AABCC0772B226A33001174E5 /* Bundle-Decodable.swift */ = {isa = PBXFileReference; fileEncoding = 4; lastKnownFileType = sourcecode.swift; path = "Bundle-Decodable.swift"; sourceTree = "<group>"; };
		AABCC07B2B226A46001174E5 /* Mission.swift */ = {isa = PBXFileReference; fileEncoding = 4; lastKnownFileType = sourcecode.swift; path = Mission.swift; sourceTree = "<group>"; };
		AABCC07C2B226A46001174E5 /* CrewMember.swift */ = {isa = PBXFileReference; fileEncoding = 4; lastKnownFileType = sourcecode.swift; path = CrewMember.swift; sourceTree = "<group>"; };
		AABCC07D2B226A46001174E5 /* Astronaut.swift */ = {isa = PBXFileReference; fileEncoding = 4; lastKnownFileType = sourcecode.swift; path = Astronaut.swift; sourceTree = "<group>"; };
/* End PBXFileReference section */

/* Begin PBXFrameworksBuildPhase section */
		AABCC04B2B2269BA001174E5 /* Frameworks */ = {
			isa = PBXFrameworksBuildPhase;
			buildActionMask = 2147483647;
			files = (
			);
			runOnlyForDeploymentPostprocessing = 0;
		};
/* End PBXFrameworksBuildPhase section */

/* Begin PBXGroup section */
		AABCC0452B2269BA001174E5 = {
			isa = PBXGroup;
			children = (
				AABCC0502B2269BA001174E5 /* Moonshot */,
				AABCC04F2B2269BA001174E5 /* Products */,
			);
			sourceTree = "<group>";
		};
		AABCC04F2B2269BA001174E5 /* Products */ = {
			isa = PBXGroup;
			children = (
				AABCC04E2B2269BA001174E5 /* Moonshot.app */,
			);
			name = Products;
			sourceTree = "<group>";
		};
		AABCC0502B2269BA001174E5 /* Moonshot */ = {
			isa = PBXGroup;
			children = (
				AABCC07A2B226A46001174E5 /* Model */,
				AABCC0752B226A33001174E5 /* Extensions */,
				AABCC0642B226A17001174E5 /* Views */,
				AABCC05F2B2269FB001174E5 /* Datas */,
				AABCC0552B2269BB001174E5 /* Assets.xcassets */,
				AABCC0572B2269BB001174E5 /* Preview Content */,
			);
			path = Moonshot;
			sourceTree = "<group>";
		};
		AABCC0572B2269BB001174E5 /* Preview Content */ = {
			isa = PBXGroup;
			children = (
				AABCC0582B2269BB001174E5 /* Preview Assets.xcassets */,
			);
			path = "Preview Content";
			sourceTree = "<group>";
		};
		AABCC05F2B2269FB001174E5 /* Datas */ = {
			isa = PBXGroup;
			children = (
				AABCC0602B2269FB001174E5 /* missions.json */,
				AABCC0612B2269FB001174E5 /* astronauts.json */,
			);
			path = Datas;
			sourceTree = "<group>";
		};
		AABCC0642B226A17001174E5 /* Views */ = {
			isa = PBXGroup;
			children = (
				AABCC0652B226A17001174E5 /* MissionView.swift */,
				AABCC0662B226A17001174E5 /* GridLayoutView.swift */,
				AABCC0672B226A17001174E5 /* ListLayoutView.swift */,
				AABCC0682B226A17001174E5 /* AstronautView.swift */,
				AABCC0692B226A17001174E5 /* CrewView.swift */,
				AABCC06A2B226A17001174E5 /* ContentView.swift */,
				AABCC06B2B226A17001174E5 /* MoonshotApp.swift */,
				AABCC06C2B226A17001174E5 /* CustomDivider.swift */,
			);
			path = Views;
			sourceTree = "<group>";
		};
		AABCC0752B226A33001174E5 /* Extensions */ = {
			isa = PBXGroup;
			children = (
				AABCC0762B226A33001174E5 /* Color-Theme.swift */,
				AABCC0772B226A33001174E5 /* Bundle-Decodable.swift */,
			);
			path = Extensions;
			sourceTree = "<group>";
		};
		AABCC07A2B226A46001174E5 /* Model */ = {
			isa = PBXGroup;
			children = (
				AABCC07B2B226A46001174E5 /* Mission.swift */,
				AABCC07C2B226A46001174E5 /* CrewMember.swift */,
				AABCC07D2B226A46001174E5 /* Astronaut.swift */,
			);
			path = Model;
			sourceTree = "<group>";
		};
/* End PBXGroup section */

/* Begin PBXNativeTarget section */
		AABCC04D2B2269BA001174E5 /* Moonshot */ = {
			isa = PBXNativeTarget;
			buildConfigurationList = AABCC05C2B2269BB001174E5 /* Build configuration list for PBXNativeTarget "Moonshot" */;
			buildPhases = (
				AABCC04A2B2269BA001174E5 /* Sources */,
				AABCC04B2B2269BA001174E5 /* Frameworks */,
				AABCC04C2B2269BA001174E5 /* Resources */,
			);
			buildRules = (
			);
			dependencies = (
			);
			name = Moonshot;
			productName = Moonshot;
			productReference = AABCC04E2B2269BA001174E5 /* Moonshot.app */;
			productType = "com.apple.product-type.application";
		};
/* End PBXNativeTarget section */

/* Begin PBXProject section */
		AABCC0462B2269BA001174E5 /* Project object */ = {
			isa = PBXProject;
			attributes = {
				BuildIndependentTargetsInParallel = 1;
				LastSwiftUpdateCheck = 1500;
				LastUpgradeCheck = 1500;
				TargetAttributes = {
					AABCC04D2B2269BA001174E5 = {
						CreatedOnToolsVersion = 15.0.1;
					};
				};
			};
			buildConfigurationList = AABCC0492B2269BA001174E5 /* Build configuration list for PBXProject "Moonshot" */;
			compatibilityVersion = "Xcode 14.0";
			developmentRegion = en;
			hasScannedForEncodings = 0;
			knownRegions = (
				en,
				Base,
			);
			mainGroup = AABCC0452B2269BA001174E5;
			productRefGroup = AABCC04F2B2269BA001174E5 /* Products */;
			projectDirPath = "";
			projectRoot = "";
			targets = (
				AABCC04D2B2269BA001174E5 /* Moonshot */,
			);
		};
/* End PBXProject section */

/* Begin PBXResourcesBuildPhase section */
		AABCC04C2B2269BA001174E5 /* Resources */ = {
			isa = PBXResourcesBuildPhase;
			buildActionMask = 2147483647;
			files = (
				AABCC0592B2269BB001174E5 /* Preview Assets.xcassets in Resources */,
				AABCC0622B2269FB001174E5 /* missions.json in Resources */,
				AABCC0562B2269BB001174E5 /* Assets.xcassets in Resources */,
				AABCC0632B2269FB001174E5 /* astronauts.json in Resources */,
			);
			runOnlyForDeploymentPostprocessing = 0;
		};
/* End PBXResourcesBuildPhase section */

/* Begin PBXSourcesBuildPhase section */
		AABCC04A2B2269BA001174E5 /* Sources */ = {
			isa = PBXSourcesBuildPhase;
			buildActionMask = 2147483647;
			files = (
				AABCC0782B226A33001174E5 /* Color-Theme.swift in Sources */,
				AABCC0722B226A17001174E5 /* ContentView.swift in Sources */,
				AABCC07F2B226A46001174E5 /* CrewMember.swift in Sources */,
				AABCC06E2B226A17001174E5 /* GridLayoutView.swift in Sources */,
				AABCC0742B226A17001174E5 /* CustomDivider.swift in Sources */,
				AABCC06D2B226A17001174E5 /* MissionView.swift in Sources */,
				AABCC0732B226A17001174E5 /* MoonshotApp.swift in Sources */,
				AABCC07E2B226A46001174E5 /* Mission.swift in Sources */,
				AABCC0702B226A17001174E5 /* AstronautView.swift in Sources */,
				AABCC0712B226A17001174E5 /* CrewView.swift in Sources */,
				AABCC0802B226A46001174E5 /* Astronaut.swift in Sources */,
				AABCC06F2B226A17001174E5 /* ListLayoutView.swift in Sources */,
				AABCC0792B226A33001174E5 /* Bundle-Decodable.swift in Sources */,
			);
			runOnlyForDeploymentPostprocessing = 0;
		};
/* End PBXSourcesBuildPhase section */

/* Begin XCBuildConfiguration section */
		AABCC05A2B2269BB001174E5 /* Debug */ = {
			isa = XCBuildConfiguration;
			buildSettings = {
				ALWAYS_SEARCH_USER_PATHS = NO;
				ASSETCATALOG_COMPILER_GENERATE_SWIFT_ASSET_SYMBOL_EXTENSIONS = YES;
				CLANG_ANALYZER_NONNULL = YES;
				CLANG_ANALYZER_NUMBER_OBJECT_CONVERSION = YES_AGGRESSIVE;
				CLANG_CXX_LANGUAGE_STANDARD = "gnu++20";
				CLANG_ENABLE_MODULES = YES;
				CLANG_ENABLE_OBJC_ARC = YES;
				CLANG_ENABLE_OBJC_WEAK = YES;
				CLANG_WARN_BLOCK_CAPTURE_AUTORELEASING = YES;
				CLANG_WARN_BOOL_CONVERSION = YES;
				CLANG_WARN_COMMA = YES;
				CLANG_WARN_CONSTANT_CONVERSION = YES;
				CLANG_WARN_DEPRECATED_OBJC_IMPLEMENTATIONS = YES;
				CLANG_WARN_DIRECT_OBJC_ISA_USAGE = YES_ERROR;
				CLANG_WARN_DOCUMENTATION_COMMENTS = YES;
				CLANG_WARN_EMPTY_BODY = YES;
				CLANG_WARN_ENUM_CONVERSION = YES;
				CLANG_WARN_INFINITE_RECURSION = YES;
				CLANG_WARN_INT_CONVERSION = YES;
				CLANG_WARN_NON_LITERAL_NULL_CONVERSION = YES;
				CLANG_WARN_OBJC_IMPLICIT_RETAIN_SELF = YES;
				CLANG_WARN_OBJC_LITERAL_CONVERSION = YES;
				CLANG_WARN_OBJC_ROOT_CLASS = YES_ERROR;
				CLANG_WARN_QUOTED_INCLUDE_IN_FRAMEWORK_HEADER = YES;
				CLANG_WARN_RANGE_LOOP_ANALYSIS = YES;
				CLANG_WARN_STRICT_PROTOTYPES = YES;
				CLANG_WARN_SUSPICIOUS_MOVE = YES;
				CLANG_WARN_UNGUARDED_AVAILABILITY = YES_AGGRESSIVE;
				CLANG_WARN_UNREACHABLE_CODE = YES;
				CLANG_WARN__DUPLICATE_METHOD_MATCH = YES;
				COPY_PHASE_STRIP = NO;
				DEBUG_INFORMATION_FORMAT = dwarf;
				ENABLE_STRICT_OBJC_MSGSEND = YES;
				ENABLE_TESTABILITY = YES;
				ENABLE_USER_SCRIPT_SANDBOXING = YES;
				GCC_C_LANGUAGE_STANDARD = gnu17;
				GCC_DYNAMIC_NO_PIC = NO;
				GCC_NO_COMMON_BLOCKS = YES;
				GCC_OPTIMIZATION_LEVEL = 0;
				GCC_PREPROCESSOR_DEFINITIONS = (
					"DEBUG=1",
					"$(inherited)",
				);
				GCC_WARN_64_TO_32_BIT_CONVERSION = YES;
				GCC_WARN_ABOUT_RETURN_TYPE = YES_ERROR;
				GCC_WARN_UNDECLARED_SELECTOR = YES;
				GCC_WARN_UNINITIALIZED_AUTOS = YES_AGGRESSIVE;
				GCC_WARN_UNUSED_FUNCTION = YES;
				GCC_WARN_UNUSED_VARIABLE = YES;
				IPHONEOS_DEPLOYMENT_TARGET = 17.0;
				LOCALIZATION_PREFERS_STRING_CATALOGS = YES;
				MTL_ENABLE_DEBUG_INFO = INCLUDE_SOURCE;
				MTL_FAST_MATH = YES;
				ONLY_ACTIVE_ARCH = YES;
				SDKROOT = iphoneos;
				SWIFT_ACTIVE_COMPILATION_CONDITIONS = "DEBUG $(inherited)";
				SWIFT_OPTIMIZATION_LEVEL = "-Onone";
			};
			name = Debug;
		};
		AABCC05B2B2269BB001174E5 /* Release */ = {
			isa = XCBuildConfiguration;
			buildSettings = {
				ALWAYS_SEARCH_USER_PATHS = NO;
				ASSETCATALOG_COMPILER_GENERATE_SWIFT_ASSET_SYMBOL_EXTENSIONS = YES;
				CLANG_ANALYZER_NONNULL = YES;
				CLANG_ANALYZER_NUMBER_OBJECT_CONVERSION = YES_AGGRESSIVE;
				CLANG_CXX_LANGUAGE_STANDARD = "gnu++20";
				CLANG_ENABLE_MODULES = YES;
				CLANG_ENABLE_OBJC_ARC = YES;
				CLANG_ENABLE_OBJC_WEAK = YES;
				CLANG_WARN_BLOCK_CAPTURE_AUTORELEASING = YES;
				CLANG_WARN_BOOL_CONVERSION = YES;
				CLANG_WARN_COMMA = YES;
				CLANG_WARN_CONSTANT_CONVERSION = YES;
				CLANG_WARN_DEPRECATED_OBJC_IMPLEMENTATIONS = YES;
				CLANG_WARN_DIRECT_OBJC_ISA_USAGE = YES_ERROR;
				CLANG_WARN_DOCUMENTATION_COMMENTS = YES;
				CLANG_WARN_EMPTY_BODY = YES;
				CLANG_WARN_ENUM_CONVERSION = YES;
				CLANG_WARN_INFINITE_RECURSION = YES;
				CLANG_WARN_INT_CONVERSION = YES;
				CLANG_WARN_NON_LITERAL_NULL_CONVERSION = YES;
				CLANG_WARN_OBJC_IMPLICIT_RETAIN_SELF = YES;
				CLANG_WARN_OBJC_LITERAL_CONVERSION = YES;
				CLANG_WARN_OBJC_ROOT_CLASS = YES_ERROR;
				CLANG_WARN_QUOTED_INCLUDE_IN_FRAMEWORK_HEADER = YES;
				CLANG_WARN_RANGE_LOOP_ANALYSIS = YES;
				CLANG_WARN_STRICT_PROTOTYPES = YES;
				CLANG_WARN_SUSPICIOUS_MOVE = YES;
				CLANG_WARN_UNGUARDED_AVAILABILITY = YES_AGGRESSIVE;
				CLANG_WARN_UNREACHABLE_CODE = YES;
				CLANG_WARN__DUPLICATE_METHOD_MATCH = YES;
				COPY_PHASE_STRIP = NO;
				DEBUG_INFORMATION_FORMAT = "dwarf-with-dsym";
				ENABLE_NS_ASSERTIONS = NO;
				ENABLE_STRICT_OBJC_MSGSEND = YES;
				ENABLE_USER_SCRIPT_SANDBOXING = YES;
				GCC_C_LANGUAGE_STANDARD = gnu17;
				GCC_NO_COMMON_BLOCKS = YES;
				GCC_WARN_64_TO_32_BIT_CONVERSION = YES;
				GCC_WARN_ABOUT_RETURN_TYPE = YES_ERROR;
				GCC_WARN_UNDECLARED_SELECTOR = YES;
				GCC_WARN_UNINITIALIZED_AUTOS = YES_AGGRESSIVE;
				GCC_WARN_UNUSED_FUNCTION = YES;
				GCC_WARN_UNUSED_VARIABLE = YES;
				IPHONEOS_DEPLOYMENT_TARGET = 17.0;
				LOCALIZATION_PREFERS_STRING_CATALOGS = YES;
				MTL_ENABLE_DEBUG_INFO = NO;
				MTL_FAST_MATH = YES;
				SDKROOT = iphoneos;
				SWIFT_COMPILATION_MODE = wholemodule;
				VALIDATE_PRODUCT = YES;
			};
			name = Release;
		};
		AABCC05D2B2269BB001174E5 /* Debug */ = {
			isa = XCBuildConfiguration;
			buildSettings = {
				ASSETCATALOG_COMPILER_APPICON_NAME = AppIcon;
				ASSETCATALOG_COMPILER_GLOBAL_ACCENT_COLOR_NAME = AccentColor;
				CODE_SIGN_STYLE = Automatic;
				CURRENT_PROJECT_VERSION = 1;
				DEVELOPMENT_ASSET_PATHS = "\"Moonshot/Preview Content\"";
				DEVELOPMENT_TEAM = SZ3XZR398G;
				ENABLE_PREVIEWS = YES;
				GENERATE_INFOPLIST_FILE = YES;
				INFOPLIST_KEY_UIApplicationSceneManifest_Generation = YES;
				INFOPLIST_KEY_UIApplicationSupportsIndirectInputEvents = YES;
				INFOPLIST_KEY_UILaunchScreen_Generation = YES;
				INFOPLIST_KEY_UISupportedInterfaceOrientations_iPad = "UIInterfaceOrientationPortrait UIInterfaceOrientationPortraitUpsideDown UIInterfaceOrientationLandscapeLeft UIInterfaceOrientationLandscapeRight";
				INFOPLIST_KEY_UISupportedInterfaceOrientations_iPhone = "UIInterfaceOrientationPortrait UIInterfaceOrientationLandscapeLeft UIInterfaceOrientationLandscapeRight";
				LD_RUNPATH_SEARCH_PATHS = (
					"$(inherited)",
					"@executable_path/Frameworks",
				);
				MARKETING_VERSION = 1.0;
				PRODUCT_BUNDLE_IDENTIFIER = com.batuhanakdemir.Moonshot;
				PRODUCT_NAME = "$(TARGET_NAME)";
				SWIFT_EMIT_LOC_STRINGS = YES;
				SWIFT_VERSION = 5.0;
				TARGETED_DEVICE_FAMILY = "1,2";
			};
			name = Debug;
		};
		AABCC05E2B2269BB001174E5 /* Release */ = {
			isa = XCBuildConfiguration;
			buildSettings = {
				ASSETCATALOG_COMPILER_APPICON_NAME = AppIcon;
				ASSETCATALOG_COMPILER_GLOBAL_ACCENT_COLOR_NAME = AccentColor;
				CODE_SIGN_STYLE = Automatic;
				CURRENT_PROJECT_VERSION = 1;
				DEVELOPMENT_ASSET_PATHS = "\"Moonshot/Preview Content\"";
				DEVELOPMENT_TEAM = SZ3XZR398G;
				ENABLE_PREVIEWS = YES;
				GENERATE_INFOPLIST_FILE = YES;
				INFOPLIST_KEY_UIApplicationSceneManifest_Generation = YES;
				INFOPLIST_KEY_UIApplicationSupportsIndirectInputEvents = YES;
				INFOPLIST_KEY_UILaunchScreen_Generation = YES;
				INFOPLIST_KEY_UISupportedInterfaceOrientations_iPad = "UIInterfaceOrientationPortrait UIInterfaceOrientationPortraitUpsideDown UIInterfaceOrientationLandscapeLeft UIInterfaceOrientationLandscapeRight";
				INFOPLIST_KEY_UISupportedInterfaceOrientations_iPhone = "UIInterfaceOrientationPortrait UIInterfaceOrientationLandscapeLeft UIInterfaceOrientationLandscapeRight";
				LD_RUNPATH_SEARCH_PATHS = (
					"$(inherited)",
					"@executable_path/Frameworks",
				);
				MARKETING_VERSION = 1.0;
				PRODUCT_BUNDLE_IDENTIFIER = com.batuhanakdemir.Moonshot;
				PRODUCT_NAME = "$(TARGET_NAME)";
				SWIFT_EMIT_LOC_STRINGS = YES;
				SWIFT_VERSION = 5.0;
				TARGETED_DEVICE_FAMILY = "1,2";
			};
			name = Release;
		};
/* End XCBuildConfiguration section */

/* Begin XCConfigurationList section */
		AABCC0492B2269BA001174E5 /* Build configuration list for PBXProject "Moonshot" */ = {
			isa = XCConfigurationList;
			buildConfigurations = (
				AABCC05A2B2269BB001174E5 /* Debug */,
				AABCC05B2B2269BB001174E5 /* Release */,
			);
			defaultConfigurationIsVisible = 0;
			defaultConfigurationName = Release;
		};
		AABCC05C2B2269BB001174E5 /* Build configuration list for PBXNativeTarget "Moonshot" */ = {
			isa = XCConfigurationList;
			buildConfigurations = (
				AABCC05D2B2269BB001174E5 /* Debug */,
				AABCC05E2B2269BB001174E5 /* Release */,
			);
			defaultConfigurationIsVisible = 0;
			defaultConfigurationName = Release;
		};
/* End XCConfigurationList section */
	};
	rootObject = AABCC0462B2269BA001174E5 /* Project object */;
}
